// !$*UTF8*$!
{
	archiveVersion = 1;
	classes = {
	};
	objectVersion = 46;
	objects = {

/* Begin PBXBuildFile section */
		0BEE3B3C1B2730A0005D9005 /* main.m in Sources */ = {isa = PBXBuildFile; fileRef = 0BEE3B3B1B2730A0005D9005 /* main.m */; };
		0BEE3B3F1B2730A0005D9005 /* AppDelegate.m in Sources */ = {isa = PBXBuildFile; fileRef = 0BEE3B3E1B2730A0005D9005 /* AppDelegate.m */; };
		0BEE3B421B2730A0005D9005 /* ViewController.m in Sources */ = {isa = PBXBuildFile; fileRef = 0BEE3B411B2730A0005D9005 /* ViewController.m */; };
		0BEE3B451B2730A0005D9005 /* Main.storyboard in Resources */ = {isa = PBXBuildFile; fileRef = 0BEE3B431B2730A0005D9005 /* Main.storyboard */; };
		0BEE3B471B2730A0005D9005 /* Images.xcassets in Resources */ = {isa = PBXBuildFile; fileRef = 0BEE3B461B2730A0005D9005 /* Images.xcassets */; };
		0BEE3B4A1B2730A0005D9005 /* LaunchScreen.xib in Resources */ = {isa = PBXBuildFile; fileRef = 0BEE3B481B2730A0005D9005 /* LaunchScreen.xib */; };
		0BEE3B561B2730A0005D9005 /* MyFirstItemTests.m in Sources */ = {isa = PBXBuildFile; fileRef = 0BEE3B551B2730A0005D9005 /* MyFirstItemTests.m */; };
/* End PBXBuildFile section */

/* Begin PBXContainerItemProxy section */
		0BEE3B501B2730A0005D9005 /* PBXContainerItemProxy */ = {
			isa = PBXContainerItemProxy;
			containerPortal = 0BEE3B2E1B2730A0005D9005 /* Project object */;
			proxyType = 1;
			remoteGlobalIDString = 0BEE3B351B2730A0005D9005;
			remoteInfo = MyFirstItem;
		};
/* End PBXContainerItemProxy section */

/* Begin PBXFileReference section */
		0BEE3B361B2730A0005D9005 /* MyFirstItem.app */ = {isa = PBXFileReference; explicitFileType = wrapper.application; includeInIndex = 0; path = MyFirstItem.app; sourceTree = BUILT_PRODUCTS_DIR; };
		0BEE3B3A1B2730A0005D9005 /* Info.plist */ = {isa = PBXFileReference; lastKnownFileType = text.plist.xml; path = Info.plist; sourceTree = "<group>"; };
		0BEE3B3B1B2730A0005D9005 /* main.m */ = {isa = PBXFileReference; lastKnownFileType = sourcecode.c.objc; path = main.m; sourceTree = "<group>"; };
		0BEE3B3D1B2730A0005D9005 /* AppDelegate.h */ = {isa = PBXFileReference; lastKnownFileType = sourcecode.c.h; path = AppDelegate.h; sourceTree = "<group>"; };
		0BEE3B3E1B2730A0005D9005 /* AppDelegate.m */ = {isa = PBXFileReference; lastKnownFileType = sourcecode.c.objc; path = AppDelegate.m; sourceTree = "<group>"; };
		0BEE3B401B2730A0005D9005 /* ViewController.h */ = {isa = PBXFileReference; lastKnownFileType = sourcecode.c.h; path = ViewController.h; sourceTree = "<group>"; };
		0BEE3B411B2730A0005D9005 /* ViewController.m */ = {isa = PBXFileReference; lastKnownFileType = sourcecode.c.objc; path = ViewController.m; sourceTree = "<group>"; };
		0BEE3B441B2730A0005D9005 /* Base */ = {isa = PBXFileReference; lastKnownFileType = file.storyboard; name = Base; path = Base.lproj/Main.storyboard; sourceTree = "<group>"; };
		0BEE3B461B2730A0005D9005 /* Images.xcassets */ = {isa = PBXFileReference; lastKnownFileType = folder.assetcatalog; path = Images.xcassets; sourceTree = "<group>"; };
		0BEE3B491B2730A0005D9005 /* Base */ = {isa = PBXFileReference; lastKnownFileType = file.xib; name = Base; path = Base.lproj/LaunchScreen.xib; sourceTree = "<group>"; };
		0BEE3B4F1B2730A0005D9005 /* MyFirstItemTests.xctest */ = {isa = PBXFileReference; explicitFileType = wrapper.cfbundle; includeInIndex = 0; path = MyFirstItemTests.xctest; sourceTree = BUILT_PRODUCTS_DIR; };
		0BEE3B541B2730A0005D9005 /* Info.plist */ = {isa = PBXFileReference; lastKnownFileType = text.plist.xml; path = Info.plist; sourceTree = "<group>"; };
		0BEE3B551B2730A0005D9005 /* MyFirstItemTests.m */ = {isa = PBXFileReference; lastKnownFileType = sourcecode.c.objc; path = MyFirstItemTests.m; sourceTree = "<group>"; };
/* End PBXFileReference section */

/* Begin PBXFrameworksBuildPhase section */
		0BEE3B331B2730A0005D9005 /* Frameworks */ = {
			isa = PBXFrameworksBuildPhase;
			buildActionMask = 2147483647;
			files = (
			);
			runOnlyForDeploymentPostprocessing = 0;
		};
		0BEE3B4C1B2730A0005D9005 /* Frameworks */ = {
			isa = PBXFrameworksBuildPhase;
			buildActionMask = 2147483647;
			files = (
			);
			runOnlyForDeploymentPostprocessing = 0;
		};
/* End PBXFrameworksBuildPhase section */

/* Begin PBXGroup section */
		0BEE3B2D1B2730A0005D9005 = {
			isa = PBXGroup;
			children = (
				0BEE3B381B2730A0005D9005 /* MyFirstItem */,
				0BEE3B521B2730A0005D9005 /* MyFirstItemTests */,
				0BEE3B371B2730A0005D9005 /* Products */,
			);
			sourceTree = "<group>";
		};
		0BEE3B371B2730A0005D9005 /* Products */ = {
			isa = PBXGroup;
			children = (
				0BEE3B361B2730A0005D9005 /* MyFirstItem.app */,
				0BEE3B4F1B2730A0005D9005 /* MyFirstItemTests.xctest */,
			);
			name = Products;
			sourceTree = "<group>";
		};
		0BEE3B381B2730A0005D9005 /* MyFirstItem */ = {
			isa = PBXGroup;
			children = (
				0BEE3B3D1B2730A0005D9005 /* AppDelegate.h */,
				0BEE3B3E1B2730A0005D9005 /* AppDelegate.m */,
				0BEE3B401B2730A0005D9005 /* ViewController.h */,
				0BEE3B411B2730A0005D9005 /* ViewController.m */,
				0BEE3B431B2730A0005D9005 /* Main.storyboard */,
				0BEE3B461B2730A0005D9005 /* Images.xcassets */,
				0BEE3B481B2730A0005D9005 /* LaunchScreen.xib */,
				0BEE3B391B2730A0005D9005 /* Supporting Files */,
			);
			path = MyFirstItem;
			sourceTree = "<group>";
		};
		0BEE3B391B2730A0005D9005 /* Supporting Files */ = {
			isa = PBXGroup;
			children = (
				0BEE3B3A1B2730A0005D9005 /* Info.plist */,
				0BEE3B3B1B2730A0005D9005 /* main.m */,
			);
			name = "Supporting Files";
			sourceTree = "<group>";
		};
		0BEE3B521B2730A0005D9005 /* MyFirstItemTests */ = {
			isa = PBXGroup;
			children = (
				0BEE3B551B2730A0005D9005 /* MyFirstItemTests.m */,
				0BEE3B531B2730A0005D9005 /* Supporting Files */,
			);
			path = MyFirstItemTests;
			sourceTree = "<group>";
		};
		0BEE3B531B2730A0005D9005 /* Supporting Files */ = {
			isa = PBXGroup;
			children = (
				0BEE3B541B2730A0005D9005 /* Info.plist */,
			);
			name = "Supporting Files";
			sourceTree = "<group>";
		};
/* End PBXGroup section */

/* Begin PBXNativeTarget section */
		0BEE3B351B2730A0005D9005 /* MyFirstItem */ = {
			isa = PBXNativeTarget;
			buildConfigurationList = 0BEE3B591B2730A0005D9005 /* Build configuration list for PBXNativeTarget "MyFirstItem" */;
			buildPhases = (
				0BEE3B321B2730A0005D9005 /* Sources */,
				0BEE3B331B2730A0005D9005 /* Frameworks */,
				0BEE3B341B2730A0005D9005 /* Resources */,
			);
			buildRules = (
			);
			dependencies = (
			);
			name = MyFirstItem;
			productName = MyFirstItem;
			productReference = 0BEE3B361B2730A0005D9005 /* MyFirstItem.app */;
			productType = "com.apple.product-type.application";
		};
		0BEE3B4E1B2730A0005D9005 /* MyFirstItemTests */ = {
			isa = PBXNativeTarget;
			buildConfigurationList = 0BEE3B5C1B2730A0005D9005 /* Build configuration list for PBXNativeTarget "MyFirstItemTests" */;
			buildPhases = (
				0BEE3B4B1B2730A0005D9005 /* Sources */,
				0BEE3B4C1B2730A0005D9005 /* Frameworks */,
				0BEE3B4D1B2730A0005D9005 /* Resources */,
			);
			buildRules = (
			);
			dependencies = (
				0BEE3B511B2730A0005D9005 /* PBXTargetDependency */,
			);
			name = MyFirstItemTests;
			productName = MyFirstItemTests;
			productReference = 0BEE3B4F1B2730A0005D9005 /* MyFirstItemTests.xctest */;
			productType = "com.apple.product-type.bundle.unit-test";
		};
/* End PBXNativeTarget section */

/* Begin PBXProject section */
		0BEE3B2E1B2730A0005D9005 /* Project object */ = {
			isa = PBXProject;
			attributes = {
				LastUpgradeCheck = 0630;
				ORGANIZATIONNAME = "李长青";
				TargetAttributes = {
					0BEE3B351B2730A0005D9005 = {
						CreatedOnToolsVersion = 6.3.2;
					};
					0BEE3B4E1B2730A0005D9005 = {
						CreatedOnToolsVersion = 6.3.2;
						TestTargetID = 0BEE3B351B2730A0005D9005;
					};
				};
			};
			buildConfigurationList = 0BEE3B311B2730A0005D9005 /* Build configuration list for PBXProject "MyFirstItem" */;
			compatibilityVersion = "Xcode 3.2";
			developmentRegion = English;
			hasScannedForEncodings = 0;
			knownRegions = (
				en,
				Base,
			);
			mainGroup = 0BEE3B2D1B2730A0005D9005;
			productRefGroup = 0BEE3B371B2730A0005D9005 /* Products */;
			projectDirPath = "";
			projectRoot = "";
			targets = (
				0BEE3B351B2730A0005D9005 /* MyFirstItem */,
				0BEE3B4E1B2730A0005D9005 /* MyFirstItemTests */,
			);
		};
/* End PBXProject section */

/* Begin PBXResourcesBuildPhase section */
		0BEE3B341B2730A0005D9005 /* Resources */ = {
			isa = PBXResourcesBuildPhase;
			buildActionMask = 2147483647;
			files = (
				0BEE3B451B2730A0005D9005 /* Main.storyboard in Resources */,
				0BEE3B4A1B2730A0005D9005 /* LaunchScreen.xib in Resources */,
				0BEE3B471B2730A0005D9005 /* Images.xcassets in Resources */,
			);
			runOnlyForDeploymentPostprocessing = 0;
		};
		0BEE3B4D1B2730A0005D9005 /* Resources */ = {
			isa = PBXResourcesBuildPhase;
			buildActionMask = 2147483647;
			files = (
			);
			runOnlyForDeploymentPostprocessing = 0;
		};
/* End PBXResourcesBuildPhase section */

/* Begin PBXSourcesBuildPhase section */
		0BEE3B321B2730A0005D9005 /* Sources */ = {
			isa = PBXSourcesBuildPhase;
			buildActionMask = 2147483647;
			files = (
				0BEE3B421B2730A0005D9005 /* ViewController.m in Sources */,
				0BEE3B3F1B2730A0005D9005 /* AppDelegate.m in Sources */,
				0BEE3B3C1B2730A0005D9005 /* main.m in Sources */,
			);
			runOnlyForDeploymentPostprocessing = 0;
		};
		0BEE3B4B1B2730A0005D9005 /* Sources */ = {
			isa = PBXSourcesBuildPhase;
			buildActionMask = 2147483647;
			files = (
				0BEE3B561B2730A0005D9005 /* MyFirstItemTests.m in Sources */,
			);
			runOnlyForDeploymentPostprocessing = 0;
		};
/* End PBXSourcesBuildPhase section */

/* Begin PBXTargetDependency section */
		0BEE3B511B2730A0005D9005 /* PBXTargetDependency */ = {
			isa = PBXTargetDependency;
			target = 0BEE3B351B2730A0005D9005 /* MyFirstItem */;
			targetProxy = 0BEE3B501B2730A0005D9005 /* PBXContainerItemProxy */;
		};
/* End PBXTargetDependency section */

/* Begin PBXVariantGroup section */
		0BEE3B431B2730A0005D9005 /* Main.storyboard */ = {
			isa = PBXVariantGroup;
			children = (
				0BEE3B441B2730A0005D9005 /* Base */,
			);
			name = Main.storyboard;
			sourceTree = "<group>";
		};
		0BEE3B481B2730A0005D9005 /* LaunchScreen.xib */ = {
			isa = PBXVariantGroup;
			children = (
				0BEE3B491B2730A0005D9005 /* Base */,
			);
			name = LaunchScreen.xib;
			sourceTree = "<group>";
		};
/* End PBXVariantGroup section */

/* Begin XCBuildConfiguration section */
		0BEE3B571B2730A0005D9005 /* Debug */ = {
			isa = XCBuildConfiguration;
			buildSettings = {
				ALWAYS_SEARCH_USER_PATHS = NO;
				CLANG_CXX_LANGUAGE_STANDARD = "gnu++0x";
				CLANG_CXX_LIBRARY = "libc++";
				CLANG_ENABLE_MODULES = YES;
				CLANG_ENABLE_OBJC_ARC = YES;
				CLANG_WARN_BOOL_CONVERSION = YES;
				CLANG_WARN_CONSTANT_CONVERSION = YES;
				CLANG_WARN_DIRECT_OBJC_ISA_USAGE = YES_ERROR;
				CLANG_WARN_EMPTY_BODY = YES;
				CLANG_WARN_ENUM_CONVERSION = YES;
				CLANG_WARN_INT_CONVERSION = YES;
				CLANG_WARN_OBJC_ROOT_CLASS = YES_ERROR;
				CLANG_WARN_UNREACHABLE_CODE = YES;
				CLANG_WARN__DUPLICATE_METHOD_MATCH = YES;
				"CODE_SIGN_IDENTITY[sdk=iphoneos*]" = "iPhone Developer";
				COPY_PHASE_STRIP = NO;
				DEBUG_INFORMATION_FORMAT = "dwarf-with-dsym";
				ENABLE_STRICT_OBJC_MSGSEND = YES;
				GCC_C_LANGUAGE_STANDARD = gnu99;
				GCC_DYNAMIC_NO_PIC = NO;
				GCC_NO_COMMON_BLOCKS = YES;
				GCC_OPTIMIZATION_LEVEL = 0;
				GCC_PREPROCESSOR_DEFINITIONS = (
					"DEBUG=1",
					"$(inherited)",
				);
				GCC_SYMBOLS_PRIVATE_EXTERN = NO;
				GCC_WARN_64_TO_32_BIT_CONVERSION = YES;
				GCC_WARN_ABOUT_RETURN_TYPE = YES_ERROR;
				GCC_WARN_UNDECLARED_SELECTOR = YES;
				GCC_WARN_UNINITIALIZED_AUTOS = YES_AGGRESSIVE;
				GCC_WARN_UNUSED_FUNCTION = YES;
				GCC_WARN_UNUSED_VARIABLE = YES;
				IPHONEOS_DEPLOYMENT_TARGET = 8.3;
				MTL_ENABLE_DEBUG_INFO = YES;
				ONLY_ACTIVE_ARCH = YES;
				SDKROOT = iphoneos;
				TARGETED_DEVICE_FAMILY = "1,2";
			};
			name = Debug;
		};
		0BEE3B581B2730A0005D9005 /* Release */ = {
			isa = XCBuildConfiguration;
			buildSettings = {
				ALWAYS_SEARCH_USER_PATHS = NO;
				CLANG_CXX_LANGUAGE_STANDARD = "gnu++0x";
				CLANG_CXX_LIBRARY = "libc++";
				CLANG_ENABLE_MODULES = YES;
				CLANG_ENABLE_OBJC_ARC = YES;
				CLANG_WARN_BOOL_CONVERSION = YES;
				CLANG_WARN_CONSTANT_CONVERSION = YES;
				CLANG_WARN_DIRECT_OBJC_ISA_USAGE = YES_ERROR;
				CLANG_WARN_EMPTY_BODY = YES;
				CLANG_WARN_ENUM_CONVERSION = YES;
				CLANG_WARN_INT_CONVERSION = YES;
				CLANG_WARN_OBJC_ROOT_CLASS = YES_ERROR;
				CLANG_WARN_UNREACHABLE_CODE = YES;
				CLANG_WARN__DUPLICATE_METHOD_MATCH = YES;
				"CODE_SIGN_IDENTITY[sdk=iphoneos*]" = "iPhone Developer";
				COPY_PHASE_STRIP = NO;
				DEBUG_INFORMATION_FORMAT = "dwarf-with-dsym";
				ENABLE_NS_ASSERTIONS = NO;
				ENABLE_STRICT_OBJC_MSGSEND = YES;
				GCC_C_LANGUAGE_STANDARD = gnu99;
				GCC_NO_COMMON_BLOCKS = YES;
				GCC_WARN_64_TO_32_BIT_CONVERSION = YES;
				GCC_WARN_ABOUT_RETURN_TYPE = YES_ERROR;
				GCC_WARN_UNDECLARED_SELECTOR = YES;
				GCC_WARN_UNINITIALIZED_AUTOS = YES_AGGRESSIVE;
				GCC_WARN_UNUSED_FUNCTION = YES;
				GCC_WARN_UNUSED_VARIABLE = YES;
				IPHONEOS_DEPLOYMENT_TARGET = 8.3;
				MTL_ENABLE_DEBUG_INFO = NO;
				SDKROOT = iphoneos;
				TARGETED_DEVICE_FAMILY = "1,2";
				VALIDATE_PRODUCT = YES;
			};
			name = Release;
		};
		0BEE3B5A1B2730A0005D9005 /* Debug */ = {
			isa = XCBuildConfiguration;
			buildSettings = {
				ASSETCATALOG_COMPILER_APPICON_NAME = AppIcon;
				INFOPLIST_FILE = MyFirstItem/Info.plist;
				LD_RUNPATH_SEARCH_PATHS = "$(inherited) @executable_path/Frameworks";
				PRODUCT_NAME = "$(TARGET_NAME)";
			};
			name = Debug;
		};
		0BEE3B5B1B2730A0005D9005 /* Release */ = {
			isa = XCBuildConfiguration;
			buildSettings = {
				ASSETCATALOG_COMPILER_APPICON_NAME = AppIcon;
				INFOPLIST_FILE = MyFirstItem/Info.plist;
				LD_RUNPATH_SEARCH_PATHS = "$(inherited) @executable_path/Frameworks";
				PRODUCT_NAME = "$(TARGET_NAME)";
			};
			name = Release;
		};
		0BEE3B5D1B2730A0005D9005 /* Debug */ = {
			isa = XCBuildConfiguration;
			buildSettings = {
				BUNDLE_LOADER = "$(TEST_HOST)";
				FRAMEWORK_SEARCH_PATHS = (
					"$(SDKROOT)/Developer/Library/Frameworks",
					"$(inherited)",
				);
				GCC_PREPROCESSOR_DEFINITIONS = (
					"DEBUG=1",
					"$(inherited)",
				);
				INFOPLIST_FILE = MyFirstItemTests/Info.plist;
				LD_RUNPATH_SEARCH_PATHS = "$(inherited) @executable_path/Frameworks @loader_path/Frameworks";
				PRODUCT_NAME = "$(TARGET_NAME)";
				TEST_HOST = "$(BUILT_PRODUCTS_DIR)/MyFirstItem.app/MyFirstItem";
			};
			name = Debug;
		};
		0BEE3B5E1B2730A0005D9005 /* Release */ = {
			isa = XCBuildConfiguration;
			buildSettings = {
				BUNDLE_LOADER = "$(TEST_HOST)";
				FRAMEWORK_SEARCH_PATHS = (
					"$(SDKROOT)/Developer/Library/Frameworks",
					"$(inherited)",
				);
				INFOPLIST_FILE = MyFirstItemTests/Info.plist;
				LD_RUNPATH_SEARCH_PATHS = "$(inherited) @executable_path/Frameworks @loader_path/Frameworks";
				PRODUCT_NAME = "$(TARGET_NAME)";
				TEST_HOST = "$(BUILT_PRODUCTS_DIR)/MyFirstItem.app/MyFirstItem";
			};
			name = Release;
		};
/* End XCBuildConfiguration section */

/* Begin XCConfigurationList section */
		0BEE3B311B2730A0005D9005 /* Build configuration list for PBXProject "MyFirstItem" */ = {
			isa = XCConfigurationList;
			buildConfigurations = (
				0BEE3B571B2730A0005D9005 /* Debug */,
				0BEE3B581B2730A0005D9005 /* Release */,
			);
			defaultConfigurationIsVisible = 0;
			defaultConfigurationName = Release;
		};
		0BEE3B591B2730A0005D9005 /* Build configuration list for PBXNativeTarget "MyFirstItem" */ = {
			isa = XCConfigurationList;
			buildConfigurations = (
				0BEE3B5A1B2730A0005D9005 /* Debug */,
				0BEE3B5B1B2730A0005D9005 /* Release */,
			);
			defaultConfigurationIsVisible = 0;
		};
		0BEE3B5C1B2730A0005D9005 /* Build configuration list for PBXNativeTarget "MyFirstItemTests" */ = {
			isa = XCConfigurationList;
			buildConfigurations = (
				0BEE3B5D1B2730A0005D9005 /* Debug */,
				0BEE3B5E1B2730A0005D9005 /* Release */,
			);
			defaultConfigurationIsVisible = 0;
		};
/* End XCConfigurationList section */
	};
	rootObject = 0BEE3B2E1B2730A0005D9005 /* Project object */;
}
